
Microsoft Visual Studio Solution File, Format Version 12.00
# Visual Studio Version 17
VisualStudioVersion = 17.5.33502.453
MinimumVisualStudioVersion = 10.0.40219.1
Project("{9A19103F-16F7-4668-BE54-9A1E7A4F7556}") = "MyFirstWebProjectASP", "MyFirstWebProjectASP\MyFirstWebProjectASP.csproj", "{45A7BA73-3829-4495-AB82-FDFAF63B9C94}"
EndProject
Project("{FAE04EC0-301F-11D3-BF4B-00C04F79EFBC}") = "ContosoPizza", "ContosoPizza\ContosoPizza.csproj", "{9B89C99F-0C52-456F-8320-72F608A22748}"
EndProject
Global
	GlobalSection(SolutionConfigurationPlatforms) = preSolution
		Debug|Any CPU = Debug|Any CPU
		Release|Any CPU = Release|Any CPU
	EndGlobalSection
	GlobalSection(ProjectConfigurationPlatforms) = postSolution
		{45A7BA73-3829-4495-AB82-FDFAF63B9C94}.Debug|Any CPU.ActiveCfg = Debug|Any CPU
		{45A7BA73-3829-4495-AB82-FDFAF63B9C94}.Debug|Any CPU.Build.0 = Debug|Any CPU
		{45A7BA73-3829-4495-AB82-FDFAF63B9C94}.Release|Any CPU.ActiveCfg = Release|Any CPU
		{45A7BA73-3829-4495-AB82-FDFAF63B9C94}.Release|Any CPU.Build.0 = Release|Any CPU
		{9B89C99F-0C52-456F-8320-72F608A22748}.Debug|Any CPU.ActiveCfg = Debug|Any CPU
		{9B89C99F-0C52-456F-8320-72F608A22748}.Debug|Any CPU.Build.0 = Debug|Any CPU
		{9B89C99F-0C52-456F-8320-72F608A22748}.Release|Any CPU.ActiveCfg = Release|Any CPU
		{9B89C99F-0C52-456F-8320-72F608A22748}.Release|Any CPU.Build.0 = Release|Any CPU
	EndGlobalSection
	GlobalSection(SolutionProperties) = preSolution
		HideSolutionNode = FALSE
	EndGlobalSection
	GlobalSection(ExtensibilityGlobals) = postSolution
		SolutionGuid = {BB6C49D5-7B44-4E06-B8EF-696C0A3276C2}
	EndGlobalSection
EndGlobal
